
Microsoft Visual Studio Solution File, Format Version 12.00
# Visual Studio Version 16
VisualStudioVersion = 16.0.30717.126
MinimumVisualStudioVersion = 10.0.40219.1
Project("{9A19103F-16F7-4668-BE54-9A1E7A4F7556}") = "WebScrapingSite", "WebScrapingSite\WebScrapingSite.csproj", "{09F9FEAF-ADD0-43E5-8C5C-D0C295092680}"
EndProject
Project("{9A19103F-16F7-4668-BE54-9A1E7A4F7556}") = "Service", "Service\Service.csproj", "{94D94B62-B78E-4AC0-B7B2-398594BF4794}"
EndProject
Project("{2150E333-8FDC-42A3-9474-1A3956D46DE8}") = "WebScrapingPlugin", "WebScrapingPlugin", "{FE943792-0D94-4044-A842-B12B45E473AB}"
EndProject
Project("{FAE04EC0-301F-11D3-BF4B-00C04F79EFBC}") = "WebScrapingDesktopApplications", "WebScrapingDesktopApplications\WebScrapingDesktopApplications\WebScrapingDesktopApplications.csproj", "{E16422A2-4FEE-41F2-AF25-E0841BC439DD}"
EndProject
Project("{2150E333-8FDC-42A3-9474-1A3956D46DE8}") = "Solution Items", "Solution Items", "{991ED5DD-F5F6-46CB-BAE0-3354A0D284D8}"
	ProjectSection(SolutionItems) = preProject
		ScarpingSiteInformation.json = ScarpingSiteInformation.json
	EndProjectSection
EndProject
Global
	GlobalSection(SolutionConfigurationPlatforms) = preSolution
		Debug|Any CPU = Debug|Any CPU
		Release|Any CPU = Release|Any CPU
	EndGlobalSection
	GlobalSection(ProjectConfigurationPlatforms) = postSolution
		{09F9FEAF-ADD0-43E5-8C5C-D0C295092680}.Debug|Any CPU.ActiveCfg = Debug|Any CPU
		{09F9FEAF-ADD0-43E5-8C5C-D0C295092680}.Debug|Any CPU.Build.0 = Debug|Any CPU
		{09F9FEAF-ADD0-43E5-8C5C-D0C295092680}.Release|Any CPU.ActiveCfg = Release|Any CPU
		{09F9FEAF-ADD0-43E5-8C5C-D0C295092680}.Release|Any CPU.Build.0 = Release|Any CPU
		{94D94B62-B78E-4AC0-B7B2-398594BF4794}.Debug|Any CPU.ActiveCfg = Debug|Any CPU
		{94D94B62-B78E-4AC0-B7B2-398594BF4794}.Debug|Any CPU.Build.0 = Debug|Any CPU
		{94D94B62-B78E-4AC0-B7B2-398594BF4794}.Release|Any CPU.ActiveCfg = Release|Any CPU
		{94D94B62-B78E-4AC0-B7B2-398594BF4794}.Release|Any CPU.Build.0 = Release|Any CPU
		{E16422A2-4FEE-41F2-AF25-E0841BC439DD}.Debug|Any CPU.ActiveCfg = Debug|Any CPU
		{E16422A2-4FEE-41F2-AF25-E0841BC439DD}.Debug|Any CPU.Build.0 = Debug|Any CPU
		{E16422A2-4FEE-41F2-AF25-E0841BC439DD}.Release|Any CPU.ActiveCfg = Release|Any CPU
		{E16422A2-4FEE-41F2-AF25-E0841BC439DD}.Release|Any CPU.Build.0 = Release|Any CPU
	EndGlobalSection
	GlobalSection(SolutionProperties) = preSolution
		HideSolutionNode = FALSE
	EndGlobalSection
	GlobalSection(NestedProjects) = preSolution
		{E16422A2-4FEE-41F2-AF25-E0841BC439DD} = {FE943792-0D94-4044-A842-B12B45E473AB}
	EndGlobalSection
	GlobalSection(ExtensibilityGlobals) = postSolution
		SolutionGuid = {26233A41-D27C-400B-A3D0-B14E3D8E7263}
	EndGlobalSection
EndGlobal
