
Microsoft Visual Studio Solution File, Format Version 12.00
# Visual Studio Version 16
VisualStudioVersion = 16.0.30717.126
MinimumVisualStudioVersion = 10.0.40219.1
Project("{FAE04EC0-301F-11D3-BF4B-00C04F79EFBC}") = "WebScrapingDesktopApplications", "WebScrapingDesktopApplications\WebScrapingDesktopApplications.csproj", "{E16422A2-4FEE-41F2-AF25-E0841BC439DD}"
EndProject
Global
	GlobalSection(SolutionConfigurationPlatforms) = preSolution
		Debug|Any CPU = Debug|Any CPU
		Release|Any CPU = Release|Any CPU
	EndGlobalSection
	GlobalSection(ProjectConfigurationPlatforms) = postSolution
		{E16422A2-4FEE-41F2-AF25-E0841BC439DD}.Debug|Any CPU.ActiveCfg = Debug|Any CPU
		{E16422A2-4FEE-41F2-AF25-E0841BC439DD}.Debug|Any CPU.Build.0 = Debug|Any CPU
		{E16422A2-4FEE-41F2-AF25-E0841BC439DD}.Release|Any CPU.ActiveCfg = Release|Any CPU
		{E16422A2-4FEE-41F2-AF25-E0841BC439DD}.Release|Any CPU.Build.0 = Release|Any CPU
	EndGlobalSection
	GlobalSection(SolutionProperties) = preSolution
		HideSolutionNode = FALSE
	EndGlobalSection
	GlobalSection(ExtensibilityGlobals) = postSolution
		SolutionGuid = {770F87D9-9A04-485B-83A8-0D9975797305}
	EndGlobalSection
EndGlobal
